
Microsoft Visual Studio Solution File, Format Version 12.00
# Visual Studio 2012
Project("{FAE04EC0-301F-11D3-BF4B-00C04F79EFBC}") = "BugTrackingSoftware", "BugTrackingSoftware\BugTrackingSoftware.csproj", "{6C260D48-B88D-48C4-A2DF-54176ED50DAD}"
EndProject
Project("{FAE04EC0-301F-11D3-BF4B-00C04F79EFBC}") = "DataAccessLayer", "DataAccessLayer\DataAccessLayer.csproj", "{22024AB8-B8DD-4927-BDFD-66558C8C5B63}"
EndProject
Project("{FAE04EC0-301F-11D3-BF4B-00C04F79EFBC}") = "BusinessLogicLayer", "BusinessLogicLayer\BusinessLogicLayer.csproj", "{C8A3C114-2A90-4BBF-8B1A-3320C9EBBEC0}"
EndProject
Global
	GlobalSection(SolutionConfigurationPlatforms) = preSolution
		Debug|Any CPU = Debug|Any CPU
		Release|Any CPU = Release|Any CPU
	EndGlobalSection
	GlobalSection(ProjectConfigurationPlatforms) = postSolution
		{6C260D48-B88D-48C4-A2DF-54176ED50DAD}.Debug|Any CPU.ActiveCfg = Debug|Any CPU
		{6C260D48-B88D-48C4-A2DF-54176ED50DAD}.Debug|Any CPU.Build.0 = Debug|Any CPU
		{6C260D48-B88D-48C4-A2DF-54176ED50DAD}.Release|Any CPU.ActiveCfg = Release|Any CPU
		{6C260D48-B88D-48C4-A2DF-54176ED50DAD}.Release|Any CPU.Build.0 = Release|Any CPU
		{22024AB8-B8DD-4927-BDFD-66558C8C5B63}.Debug|Any CPU.ActiveCfg = Debug|Any CPU
		{22024AB8-B8DD-4927-BDFD-66558C8C5B63}.Debug|Any CPU.Build.0 = Debug|Any CPU
		{22024AB8-B8DD-4927-BDFD-66558C8C5B63}.Release|Any CPU.ActiveCfg = Release|Any CPU
		{22024AB8-B8DD-4927-BDFD-66558C8C5B63}.Release|Any CPU.Build.0 = Release|Any CPU
		{C8A3C114-2A90-4BBF-8B1A-3320C9EBBEC0}.Debug|Any CPU.ActiveCfg = Debug|Any CPU
		{C8A3C114-2A90-4BBF-8B1A-3320C9EBBEC0}.Debug|Any CPU.Build.0 = Debug|Any CPU
		{C8A3C114-2A90-4BBF-8B1A-3320C9EBBEC0}.Release|Any CPU.ActiveCfg = Release|Any CPU
		{C8A3C114-2A90-4BBF-8B1A-3320C9EBBEC0}.Release|Any CPU.Build.0 = Release|Any CPU
	EndGlobalSection
	GlobalSection(SolutionProperties) = preSolution
		HideSolutionNode = FALSE
	EndGlobalSection
EndGlobal
